
Microsoft Visual Studio Solution File, Format Version 12.00
# Visual Studio 15
VisualStudioVersion = 15.0.26730.12
MinimumVisualStudioVersion = 10.0.40219.1
Project("{9A19103F-16F7-4668-BE54-9A1E7A4F7556}") = "SLT_Site", "SLT_Site\SLT_Site.csproj", "{CCE3DAC3-BC1F-4B85-834C-26AAC4E02328}"
EndProject
Project("{FAE04EC0-301F-11D3-BF4B-00C04F79EFBC}") = "DAL", "DAL\DAL.csproj", "{10502C92-6B92-434B-86BD-257E68B23127}"
EndProject
Project("{FAE04EC0-301F-11D3-BF4B-00C04F79EFBC}") = "Business", "Business\Business.csproj", "{45753BC3-2D73-4958-AAAC-6BC219685DD1}"
EndProject
Project("{FAE04EC0-301F-11D3-BF4B-00C04F79EFBC}") = "DataModellen", "DataModellen\DataModellen.csproj", "{060C36D1-8680-46DD-98BA-BA20BEDF7A0A}"
EndProject
Project("{FAE04EC0-301F-11D3-BF4B-00C04F79EFBC}") = "UnitTesten", "UnitTesten\UnitTesten.csproj", "{DF35EB35-57E8-4927-9DBE-5095E33663F8}"
EndProject
Global
	GlobalSection(SolutionConfigurationPlatforms) = preSolution
		Debug|Any CPU = Debug|Any CPU
		Release|Any CPU = Release|Any CPU
	EndGlobalSection
	GlobalSection(ProjectConfigurationPlatforms) = postSolution
		{CCE3DAC3-BC1F-4B85-834C-26AAC4E02328}.Debug|Any CPU.ActiveCfg = Debug|Any CPU
		{CCE3DAC3-BC1F-4B85-834C-26AAC4E02328}.Debug|Any CPU.Build.0 = Debug|Any CPU
		{CCE3DAC3-BC1F-4B85-834C-26AAC4E02328}.Release|Any CPU.ActiveCfg = Release|Any CPU
		{CCE3DAC3-BC1F-4B85-834C-26AAC4E02328}.Release|Any CPU.Build.0 = Release|Any CPU
		{10502C92-6B92-434B-86BD-257E68B23127}.Debug|Any CPU.ActiveCfg = Debug|Any CPU
		{10502C92-6B92-434B-86BD-257E68B23127}.Debug|Any CPU.Build.0 = Debug|Any CPU
		{10502C92-6B92-434B-86BD-257E68B23127}.Release|Any CPU.ActiveCfg = Release|Any CPU
		{10502C92-6B92-434B-86BD-257E68B23127}.Release|Any CPU.Build.0 = Release|Any CPU
		{45753BC3-2D73-4958-AAAC-6BC219685DD1}.Debug|Any CPU.ActiveCfg = Debug|Any CPU
		{45753BC3-2D73-4958-AAAC-6BC219685DD1}.Debug|Any CPU.Build.0 = Debug|Any CPU
		{45753BC3-2D73-4958-AAAC-6BC219685DD1}.Release|Any CPU.ActiveCfg = Release|Any CPU
		{45753BC3-2D73-4958-AAAC-6BC219685DD1}.Release|Any CPU.Build.0 = Release|Any CPU
		{060C36D1-8680-46DD-98BA-BA20BEDF7A0A}.Debug|Any CPU.ActiveCfg = Debug|Any CPU
		{060C36D1-8680-46DD-98BA-BA20BEDF7A0A}.Debug|Any CPU.Build.0 = Debug|Any CPU
		{060C36D1-8680-46DD-98BA-BA20BEDF7A0A}.Release|Any CPU.ActiveCfg = Release|Any CPU
		{060C36D1-8680-46DD-98BA-BA20BEDF7A0A}.Release|Any CPU.Build.0 = Release|Any CPU
		{DF35EB35-57E8-4927-9DBE-5095E33663F8}.Debug|Any CPU.ActiveCfg = Debug|Any CPU
		{DF35EB35-57E8-4927-9DBE-5095E33663F8}.Debug|Any CPU.Build.0 = Debug|Any CPU
		{DF35EB35-57E8-4927-9DBE-5095E33663F8}.Release|Any CPU.ActiveCfg = Release|Any CPU
		{DF35EB35-57E8-4927-9DBE-5095E33663F8}.Release|Any CPU.Build.0 = Release|Any CPU
	EndGlobalSection
	GlobalSection(SolutionProperties) = preSolution
		HideSolutionNode = FALSE
	EndGlobalSection
	GlobalSection(ExtensibilityGlobals) = postSolution
		SolutionGuid = {02034EB4-F265-491C-AC27-42167CDCCA48}
	EndGlobalSection
EndGlobal
